
Microsoft Visual Studio Solution File, Format Version 12.00
# Visual Studio 14
VisualStudioVersion = 14.0.25420.1
MinimumVisualStudioVersion = 10.0.40219.1
Project("{E24C65DC-7377-472B-9ABA-BC803B73C61A}") = "Muhammadsatria_3TIA", "I:\Muhammadsatria_3TIA\", "{E4E766F5-2381-4EB9-92B4-FF4F718DB280}"
	ProjectSection(WebsiteProperties) = preProject
		TargetFrameworkMoniker = ".NETFramework,Version%3Dv4.5.2"
		Debug.AspNetCompiler.VirtualPath = "/localhost_52528"
		Debug.AspNetCompiler.PhysicalPath = "I:\Muhammadsatria_3TIA\"
		Debug.AspNetCompiler.TargetPath = "PrecompiledWeb\localhost_52528\"
		Debug.AspNetCompiler.Updateable = "true"
		Debug.AspNetCompiler.ForceOverwrite = "true"
		Debug.AspNetCompiler.FixedNames = "false"
		Debug.AspNetCompiler.Debug = "True"
		Release.AspNetCompiler.VirtualPath = "/localhost_52528"
		Release.AspNetCompiler.PhysicalPath = "I:\Muhammadsatria_3TIA\"
		Release.AspNetCompiler.TargetPath = "PrecompiledWeb\localhost_52528\"
		Release.AspNetCompiler.Updateable = "true"
		Release.AspNetCompiler.ForceOverwrite = "true"
		Release.AspNetCompiler.FixedNames = "false"
		Release.AspNetCompiler.Debug = "False"
		VWDPort = "52528"
		SlnRelativePath = "I:\Muhammadsatria_3TIA\"
		DefaultWebSiteLanguage = "Visual Basic"
	EndProjectSection
EndProject
Global
	GlobalSection(SolutionConfigurationPlatforms) = preSolution
		Debug|Any CPU = Debug|Any CPU
	EndGlobalSection
	GlobalSection(ProjectConfigurationPlatforms) = postSolution
		{E4E766F5-2381-4EB9-92B4-FF4F718DB280}.Debug|Any CPU.ActiveCfg = Debug|Any CPU
		{E4E766F5-2381-4EB9-92B4-FF4F718DB280}.Debug|Any CPU.Build.0 = Debug|Any CPU
	EndGlobalSection
	GlobalSection(SolutionProperties) = preSolution
		HideSolutionNode = FALSE
	EndGlobalSection
EndGlobal
